// !$*UTF8*$!
{
	archiveVersion = 1;
	classes = {
	};
	objectVersion = 56;
	objects = {

/* Begin PBXBuildFile section */
		0E4F70092906AA6B007C6594 /* AppDelegate.swift in Sources */ = {isa = PBXBuildFile; fileRef = 0E4F70082906AA6B007C6594 /* AppDelegate.swift */; };
		0E4F700B2906AA6B007C6594 /* SceneDelegate.swift in Sources */ = {isa = PBXBuildFile; fileRef = 0E4F700A2906AA6B007C6594 /* SceneDelegate.swift */; };
		0E4F70102906AA6B007C6594 /* Main.storyboard in Resources */ = {isa = PBXBuildFile; fileRef = 0E4F700E2906AA6B007C6594 /* Main.storyboard */; };
		0E4F70122906AA6D007C6594 /* Assets.xcassets in Resources */ = {isa = PBXBuildFile; fileRef = 0E4F70112906AA6D007C6594 /* Assets.xcassets */; };
		0E4F70152906AA6D007C6594 /* LaunchScreen.storyboard in Resources */ = {isa = PBXBuildFile; fileRef = 0E4F70132906AA6D007C6594 /* LaunchScreen.storyboard */; };
		0E4F701E2906ACEB007C6594 /* Alamofire in Frameworks */ = {isa = PBXBuildFile; productRef = 0E4F701D2906ACEB007C6594 /* Alamofire */; };
		0E4F70202906AD38007C6594 /* .gitignore in Resources */ = {isa = PBXBuildFile; fileRef = 0E4F701F2906AD38007C6594 /* .gitignore */; };
		0E4F70232906AD9E007C6594 /* APIKey.swift in Sources */ = {isa = PBXBuildFile; fileRef = 0E4F70222906AD9E007C6594 /* APIKey.swift */; };
		0E4F70252906AE64007C6594 /* APIService.swift in Sources */ = {isa = PBXBuildFile; fileRef = 0E4F70242906AE64007C6594 /* APIService.swift */; };
		0E4F70272906AF32007C6594 /* BaseViewController.swift in Sources */ = {isa = PBXBuildFile; fileRef = 0E4F70262906AF32007C6594 /* BaseViewController.swift */; };
		0E4F70312906AF91007C6594 /* HomeViewController.swift in Sources */ = {isa = PBXBuildFile; fileRef = 0E4F70302906AF91007C6594 /* HomeViewController.swift */; };
		0E4F70372906B44A007C6594 /* SnapKit in Frameworks */ = {isa = PBXBuildFile; productRef = 0E4F70362906B44A007C6594 /* SnapKit */; };
		0E4F70392906B639007C6594 /* CObservable.swift in Sources */ = {isa = PBXBuildFile; fileRef = 0E4F70382906B639007C6594 /* CObservable.swift */; };
		0E4F703B2906B671007C6594 /* UnsplashViewModel.swift in Sources */ = {isa = PBXBuildFile; fileRef = 0E4F703A2906B671007C6594 /* UnsplashViewModel.swift */; };
		0E4F7042290702C2007C6594 /* Kingfisher in Frameworks */ = {isa = PBXBuildFile; productRef = 0E4F7041290702C2007C6594 /* Kingfisher */; };
		0E4F704429070742007C6594 /* RandomPhoto.swift in Sources */ = {isa = PBXBuildFile; fileRef = 0E4F704329070742007C6594 /* RandomPhoto.swift */; };
		0E4F704629071780007C6594 /* BaseCollectionViewCell.swift in Sources */ = {isa = PBXBuildFile; fileRef = 0E4F704529071780007C6594 /* BaseCollectionViewCell.swift */; };
		0E4F704829071828007C6594 /* ReusableProtocol.swift in Sources */ = {isa = PBXBuildFile; fileRef = 0E4F704729071828007C6594 /* ReusableProtocol.swift */; };
		0E4F704C29071A56007C6594 /* ImageViewCell.swift in Sources */ = {isa = PBXBuildFile; fileRef = 0E4F704B29071A56007C6594 /* ImageViewCell.swift */; };
		0E4F704F290729A6007C6594 /* NetworkResult.swift in Sources */ = {isa = PBXBuildFile; fileRef = 0E4F704E290729A6007C6594 /* NetworkResult.swift */; };
/* End PBXBuildFile section */

/* Begin PBXFileReference section */
		0E4F70052906AA6B007C6594 /* CollectionViewCompositionalPractice.app */ = {isa = PBXFileReference; explicitFileType = wrapper.application; includeInIndex = 0; path = CollectionViewCompositionalPractice.app; sourceTree = BUILT_PRODUCTS_DIR; };
		0E4F70082906AA6B007C6594 /* AppDelegate.swift */ = {isa = PBXFileReference; lastKnownFileType = sourcecode.swift; path = AppDelegate.swift; sourceTree = "<group>"; };
		0E4F700A2906AA6B007C6594 /* SceneDelegate.swift */ = {isa = PBXFileReference; lastKnownFileType = sourcecode.swift; path = SceneDelegate.swift; sourceTree = "<group>"; };
		0E4F700F2906AA6B007C6594 /* Base */ = {isa = PBXFileReference; lastKnownFileType = file.storyboard; name = Base; path = Base.lproj/Main.storyboard; sourceTree = "<group>"; };
		0E4F70112906AA6D007C6594 /* Assets.xcassets */ = {isa = PBXFileReference; lastKnownFileType = folder.assetcatalog; path = Assets.xcassets; sourceTree = "<group>"; };
		0E4F70142906AA6D007C6594 /* Base */ = {isa = PBXFileReference; lastKnownFileType = file.storyboard; name = Base; path = Base.lproj/LaunchScreen.storyboard; sourceTree = "<group>"; };
		0E4F70162906AA6D007C6594 /* Info.plist */ = {isa = PBXFileReference; lastKnownFileType = text.plist.xml; path = Info.plist; sourceTree = "<group>"; };
		0E4F701F2906AD38007C6594 /* .gitignore */ = {isa = PBXFileReference; lastKnownFileType = text; path = .gitignore; sourceTree = "<group>"; };
		0E4F70222906AD9E007C6594 /* APIKey.swift */ = {isa = PBXFileReference; lastKnownFileType = sourcecode.swift; path = APIKey.swift; sourceTree = "<group>"; };
		0E4F70242906AE64007C6594 /* APIService.swift */ = {isa = PBXFileReference; lastKnownFileType = sourcecode.swift; path = APIService.swift; sourceTree = "<group>"; };
		0E4F70262906AF32007C6594 /* BaseViewController.swift */ = {isa = PBXFileReference; lastKnownFileType = sourcecode.swift; path = BaseViewController.swift; sourceTree = "<group>"; };
		0E4F70302906AF91007C6594 /* HomeViewController.swift */ = {isa = PBXFileReference; lastKnownFileType = sourcecode.swift; path = HomeViewController.swift; sourceTree = "<group>"; };
		0E4F70382906B639007C6594 /* CObservable.swift */ = {isa = PBXFileReference; lastKnownFileType = sourcecode.swift; path = CObservable.swift; sourceTree = "<group>"; };
		0E4F703A2906B671007C6594 /* UnsplashViewModel.swift */ = {isa = PBXFileReference; lastKnownFileType = sourcecode.swift; path = UnsplashViewModel.swift; sourceTree = "<group>"; };
		0E4F704329070742007C6594 /* RandomPhoto.swift */ = {isa = PBXFileReference; lastKnownFileType = sourcecode.swift; path = RandomPhoto.swift; sourceTree = "<group>"; };
		0E4F704529071780007C6594 /* BaseCollectionViewCell.swift */ = {isa = PBXFileReference; lastKnownFileType = sourcecode.swift; path = BaseCollectionViewCell.swift; sourceTree = "<group>"; };
		0E4F704729071828007C6594 /* ReusableProtocol.swift */ = {isa = PBXFileReference; lastKnownFileType = sourcecode.swift; path = ReusableProtocol.swift; sourceTree = "<group>"; };
		0E4F704B29071A56007C6594 /* ImageViewCell.swift */ = {isa = PBXFileReference; lastKnownFileType = sourcecode.swift; path = ImageViewCell.swift; sourceTree = "<group>"; };
		0E4F704E290729A6007C6594 /* NetworkResult.swift */ = {isa = PBXFileReference; lastKnownFileType = sourcecode.swift; path = NetworkResult.swift; sourceTree = "<group>"; };
/* End PBXFileReference section */

/* Begin PBXFrameworksBuildPhase section */
		0E4F70022906AA6B007C6594 /* Frameworks */ = {
			isa = PBXFrameworksBuildPhase;
			buildActionMask = 2147483647;
			files = (
				0E4F7042290702C2007C6594 /* Kingfisher in Frameworks */,
				0E4F701E2906ACEB007C6594 /* Alamofire in Frameworks */,
				0E4F70372906B44A007C6594 /* SnapKit in Frameworks */,
			);
			runOnlyForDeploymentPostprocessing = 0;
		};
/* End PBXFrameworksBuildPhase section */

/* Begin PBXGroup section */
		0E4F6FFC2906AA6B007C6594 = {
			isa = PBXGroup;
			children = (
				0E4F701F2906AD38007C6594 /* .gitignore */,
				0E4F70072906AA6B007C6594 /* CollectionViewCompositionalPractice */,
				0E4F70062906AA6B007C6594 /* Products */,
			);
			sourceTree = "<group>";
		};
		0E4F70062906AA6B007C6594 /* Products */ = {
			isa = PBXGroup;
			children = (
				0E4F70052906AA6B007C6594 /* CollectionViewCompositionalPractice.app */,
			);
			name = Products;
			sourceTree = "<group>";
		};
		0E4F70072906AA6B007C6594 /* CollectionViewCompositionalPractice */ = {
			isa = PBXGroup;
			children = (
				0E4F70082906AA6B007C6594 /* AppDelegate.swift */,
				0E4F700A2906AA6B007C6594 /* SceneDelegate.swift */,
				0E4F700E2906AA6B007C6594 /* Main.storyboard */,
				0E4F70132906AA6D007C6594 /* LaunchScreen.storyboard */,
				0E4F70162906AA6D007C6594 /* Info.plist */,
				0E4F70112906AA6D007C6594 /* Assets.xcassets */,
				0E4F70212906AD6A007C6594 /* Key */,
				0E4F704D29072999007C6594 /* Network */,
				0E4F702F2906AF74007C6594 /* Utiliy */,
				0E4F703D2906BE86007C6594 /* ViewModels */,
				0E4F703C2906BE6A007C6594 /* Models */,
				0E4F703F2906C047007C6594 /* Controllers */,
			);
			path = CollectionViewCompositionalPractice;
			sourceTree = "<group>";
		};
		0E4F70212906AD6A007C6594 /* Key */ = {
			isa = PBXGroup;
			children = (
				0E4F70222906AD9E007C6594 /* APIKey.swift */,
			);
			path = Key;
			sourceTree = "<group>";
		};
		0E4F702F2906AF74007C6594 /* Utiliy */ = {
			isa = PBXGroup;
			children = (
				0E4F704729071828007C6594 /* ReusableProtocol.swift */,
				0E4F704A29071A3F007C6594 /* BaseView */,
				0E4F704929071A27007C6594 /* CustomView */,
			);
			path = Utiliy;
			sourceTree = "<group>";
		};
		0E4F703C2906BE6A007C6594 /* Models */ = {
			isa = PBXGroup;
			children = (
				0E4F704329070742007C6594 /* RandomPhoto.swift */,
			);
			path = Models;
			sourceTree = "<group>";
		};
		0E4F703D2906BE86007C6594 /* ViewModels */ = {
			isa = PBXGroup;
			children = (
				0E4F70382906B639007C6594 /* CObservable.swift */,
				0E4F703A2906B671007C6594 /* UnsplashViewModel.swift */,
			);
			path = ViewModels;
			sourceTree = "<group>";
		};
		0E4F703F2906C047007C6594 /* Controllers */ = {
			isa = PBXGroup;
			children = (
				0E4F70302906AF91007C6594 /* HomeViewController.swift */,
			);
			path = Controllers;
			sourceTree = "<group>";
		};
		0E4F704929071A27007C6594 /* CustomView */ = {
			isa = PBXGroup;
			children = (
				0E4F704B29071A56007C6594 /* ImageViewCell.swift */,
			);
			path = CustomView;
			sourceTree = "<group>";
		};
		0E4F704A29071A3F007C6594 /* BaseView */ = {
			isa = PBXGroup;
			children = (
				0E4F704529071780007C6594 /* BaseCollectionViewCell.swift */,
				0E4F70262906AF32007C6594 /* BaseViewController.swift */,
			);
			path = BaseView;
			sourceTree = "<group>";
		};
		0E4F704D29072999007C6594 /* Network */ = {
			isa = PBXGroup;
			children = (
				0E4F704E290729A6007C6594 /* NetworkResult.swift */,
				0E4F70242906AE64007C6594 /* APIService.swift */,
			);
			path = Network;
			sourceTree = "<group>";
		};
/* End PBXGroup section */

/* Begin PBXNativeTarget section */
		0E4F70042906AA6B007C6594 /* CollectionViewCompositionalPractice */ = {
			isa = PBXNativeTarget;
			buildConfigurationList = 0E4F70192906AA6D007C6594 /* Build configuration list for PBXNativeTarget "CollectionViewCompositionalPractice" */;
			buildPhases = (
				0E4F70012906AA6B007C6594 /* Sources */,
				0E4F70022906AA6B007C6594 /* Frameworks */,
				0E4F70032906AA6B007C6594 /* Resources */,
			);
			buildRules = (
			);
			dependencies = (
			);
			name = CollectionViewCompositionalPractice;
			packageProductDependencies = (
				0E4F701D2906ACEB007C6594 /* Alamofire */,
				0E4F70362906B44A007C6594 /* SnapKit */,
				0E4F7041290702C2007C6594 /* Kingfisher */,
			);
			productName = CollectionViewCompositionalPractice;
			productReference = 0E4F70052906AA6B007C6594 /* CollectionViewCompositionalPractice.app */;
			productType = "com.apple.product-type.application";
		};
/* End PBXNativeTarget section */

/* Begin PBXProject section */
		0E4F6FFD2906AA6B007C6594 /* Project object */ = {
			isa = PBXProject;
			attributes = {
				BuildIndependentTargetsInParallel = 1;
				LastSwiftUpdateCheck = 1400;
				LastUpgradeCheck = 1400;
				TargetAttributes = {
					0E4F70042906AA6B007C6594 = {
						CreatedOnToolsVersion = 14.0.1;
					};
				};
			};
			buildConfigurationList = 0E4F70002906AA6B007C6594 /* Build configuration list for PBXProject "CollectionViewCompositionalPractice" */;
			compatibilityVersion = "Xcode 14.0";
			developmentRegion = en;
			hasScannedForEncodings = 0;
			knownRegions = (
				en,
				Base,
			);
			mainGroup = 0E4F6FFC2906AA6B007C6594;
			packageReferences = (
				0E4F701C2906ACEB007C6594 /* XCRemoteSwiftPackageReference "Alamofire" */,
				0E4F70352906B44A007C6594 /* XCRemoteSwiftPackageReference "SnapKit" */,
				0E4F7040290702C2007C6594 /* XCRemoteSwiftPackageReference "Kingfisher" */,
			);
			productRefGroup = 0E4F70062906AA6B007C6594 /* Products */;
			projectDirPath = "";
			projectRoot = "";
			targets = (
				0E4F70042906AA6B007C6594 /* CollectionViewCompositionalPractice */,
			);
		};
/* End PBXProject section */

/* Begin PBXResourcesBuildPhase section */
		0E4F70032906AA6B007C6594 /* Resources */ = {
			isa = PBXResourcesBuildPhase;
			buildActionMask = 2147483647;
			files = (
				0E4F70202906AD38007C6594 /* .gitignore in Resources */,
				0E4F70152906AA6D007C6594 /* LaunchScreen.storyboard in Resources */,
				0E4F70122906AA6D007C6594 /* Assets.xcassets in Resources */,
				0E4F70102906AA6B007C6594 /* Main.storyboard in Resources */,
			);
			runOnlyForDeploymentPostprocessing = 0;
		};
/* End PBXResourcesBuildPhase section */

/* Begin PBXSourcesBuildPhase section */
		0E4F70012906AA6B007C6594 /* Sources */ = {
			isa = PBXSourcesBuildPhase;
			buildActionMask = 2147483647;
			files = (
				0E4F70392906B639007C6594 /* CObservable.swift in Sources */,
				0E4F704429070742007C6594 /* RandomPhoto.swift in Sources */,
				0E4F70252906AE64007C6594 /* APIService.swift in Sources */,
				0E4F70092906AA6B007C6594 /* AppDelegate.swift in Sources */,
				0E4F704C29071A56007C6594 /* ImageViewCell.swift in Sources */,
				0E4F703B2906B671007C6594 /* UnsplashViewModel.swift in Sources */,
				0E4F704F290729A6007C6594 /* NetworkResult.swift in Sources */,
				0E4F704629071780007C6594 /* BaseCollectionViewCell.swift in Sources */,
				0E4F704829071828007C6594 /* ReusableProtocol.swift in Sources */,
				0E4F70312906AF91007C6594 /* HomeViewController.swift in Sources */,
				0E4F70232906AD9E007C6594 /* APIKey.swift in Sources */,
				0E4F700B2906AA6B007C6594 /* SceneDelegate.swift in Sources */,
				0E4F70272906AF32007C6594 /* BaseViewController.swift in Sources */,
			);
			runOnlyForDeploymentPostprocessing = 0;
		};
/* End PBXSourcesBuildPhase section */

/* Begin PBXVariantGroup section */
		0E4F700E2906AA6B007C6594 /* Main.storyboard */ = {
			isa = PBXVariantGroup;
			children = (
				0E4F700F2906AA6B007C6594 /* Base */,
			);
			name = Main.storyboard;
			sourceTree = "<group>";
		};
		0E4F70132906AA6D007C6594 /* LaunchScreen.storyboard */ = {
			isa = PBXVariantGroup;
			children = (
				0E4F70142906AA6D007C6594 /* Base */,
			);
			name = LaunchScreen.storyboard;
			sourceTree = "<group>";
		};
/* End PBXVariantGroup section */

/* Begin XCBuildConfiguration section */
		0E4F70172906AA6D007C6594 /* Debug */ = {
			isa = XCBuildConfiguration;
			buildSettings = {
				ALWAYS_SEARCH_USER_PATHS = NO;
				CLANG_ANALYZER_NONNULL = YES;
				CLANG_ANALYZER_NUMBER_OBJECT_CONVERSION = YES_AGGRESSIVE;
				CLANG_CXX_LANGUAGE_STANDARD = "gnu++20";
				CLANG_ENABLE_MODULES = YES;
				CLANG_ENABLE_OBJC_ARC = YES;
				CLANG_ENABLE_OBJC_WEAK = YES;
				CLANG_WARN_BLOCK_CAPTURE_AUTORELEASING = YES;
				CLANG_WARN_BOOL_CONVERSION = YES;
				CLANG_WARN_COMMA = YES;
				CLANG_WARN_CONSTANT_CONVERSION = YES;
				CLANG_WARN_DEPRECATED_OBJC_IMPLEMENTATIONS = YES;
				CLANG_WARN_DIRECT_OBJC_ISA_USAGE = YES_ERROR;
				CLANG_WARN_DOCUMENTATION_COMMENTS = YES;
				CLANG_WARN_EMPTY_BODY = YES;
				CLANG_WARN_ENUM_CONVERSION = YES;
				CLANG_WARN_INFINITE_RECURSION = YES;
				CLANG_WARN_INT_CONVERSION = YES;
				CLANG_WARN_NON_LITERAL_NULL_CONVERSION = YES;
				CLANG_WARN_OBJC_IMPLICIT_RETAIN_SELF = YES;
				CLANG_WARN_OBJC_LITERAL_CONVERSION = YES;
				CLANG_WARN_OBJC_ROOT_CLASS = YES_ERROR;
				CLANG_WARN_QUOTED_INCLUDE_IN_FRAMEWORK_HEADER = YES;
				CLANG_WARN_RANGE_LOOP_ANALYSIS = YES;
				CLANG_WARN_STRICT_PROTOTYPES = YES;
				CLANG_WARN_SUSPICIOUS_MOVE = YES;
				CLANG_WARN_UNGUARDED_AVAILABILITY = YES_AGGRESSIVE;
				CLANG_WARN_UNREACHABLE_CODE = YES;
				CLANG_WARN__DUPLICATE_METHOD_MATCH = YES;
				COPY_PHASE_STRIP = NO;
				DEBUG_INFORMATION_FORMAT = dwarf;
				ENABLE_STRICT_OBJC_MSGSEND = YES;
				ENABLE_TESTABILITY = YES;
				GCC_C_LANGUAGE_STANDARD = gnu11;
				GCC_DYNAMIC_NO_PIC = NO;
				GCC_NO_COMMON_BLOCKS = YES;
				GCC_OPTIMIZATION_LEVEL = 0;
				GCC_PREPROCESSOR_DEFINITIONS = (
					"DEBUG=1",
					"$(inherited)",
				);
				GCC_WARN_64_TO_32_BIT_CONVERSION = YES;
				GCC_WARN_ABOUT_RETURN_TYPE = YES_ERROR;
				GCC_WARN_UNDECLARED_SELECTOR = YES;
				GCC_WARN_UNINITIALIZED_AUTOS = YES_AGGRESSIVE;
				GCC_WARN_UNUSED_FUNCTION = YES;
				GCC_WARN_UNUSED_VARIABLE = YES;
				IPHONEOS_DEPLOYMENT_TARGET = 16.0;
				MTL_ENABLE_DEBUG_INFO = INCLUDE_SOURCE;
				MTL_FAST_MATH = YES;
				ONLY_ACTIVE_ARCH = YES;
				SDKROOT = iphoneos;
				SWIFT_ACTIVE_COMPILATION_CONDITIONS = DEBUG;
				SWIFT_OPTIMIZATION_LEVEL = "-Onone";
			};
			name = Debug;
		};
		0E4F70182906AA6D007C6594 /* Release */ = {
			isa = XCBuildConfiguration;
			buildSettings = {
				ALWAYS_SEARCH_USER_PATHS = NO;
				CLANG_ANALYZER_NONNULL = YES;
				CLANG_ANALYZER_NUMBER_OBJECT_CONVERSION = YES_AGGRESSIVE;
				CLANG_CXX_LANGUAGE_STANDARD = "gnu++20";
				CLANG_ENABLE_MODULES = YES;
				CLANG_ENABLE_OBJC_ARC = YES;
				CLANG_ENABLE_OBJC_WEAK = YES;
				CLANG_WARN_BLOCK_CAPTURE_AUTORELEASING = YES;
				CLANG_WARN_BOOL_CONVERSION = YES;
				CLANG_WARN_COMMA = YES;
				CLANG_WARN_CONSTANT_CONVERSION = YES;
				CLANG_WARN_DEPRECATED_OBJC_IMPLEMENTATIONS = YES;
				CLANG_WARN_DIRECT_OBJC_ISA_USAGE = YES_ERROR;
				CLANG_WARN_DOCUMENTATION_COMMENTS = YES;
				CLANG_WARN_EMPTY_BODY = YES;
				CLANG_WARN_ENUM_CONVERSION = YES;
				CLANG_WARN_INFINITE_RECURSION = YES;
				CLANG_WARN_INT_CONVERSION = YES;
				CLANG_WARN_NON_LITERAL_NULL_CONVERSION = YES;
				CLANG_WARN_OBJC_IMPLICIT_RETAIN_SELF = YES;
				CLANG_WARN_OBJC_LITERAL_CONVERSION = YES;
				CLANG_WARN_OBJC_ROOT_CLASS = YES_ERROR;
				CLANG_WARN_QUOTED_INCLUDE_IN_FRAMEWORK_HEADER = YES;
				CLANG_WARN_RANGE_LOOP_ANALYSIS = YES;
				CLANG_WARN_STRICT_PROTOTYPES = YES;
				CLANG_WARN_SUSPICIOUS_MOVE = YES;
				CLANG_WARN_UNGUARDED_AVAILABILITY = YES_AGGRESSIVE;
				CLANG_WARN_UNREACHABLE_CODE = YES;
				CLANG_WARN__DUPLICATE_METHOD_MATCH = YES;
				COPY_PHASE_STRIP = NO;
				DEBUG_INFORMATION_FORMAT = "dwarf-with-dsym";
				ENABLE_NS_ASSERTIONS = NO;
				ENABLE_STRICT_OBJC_MSGSEND = YES;
				GCC_C_LANGUAGE_STANDARD = gnu11;
				GCC_NO_COMMON_BLOCKS = YES;
				GCC_WARN_64_TO_32_BIT_CONVERSION = YES;
				GCC_WARN_ABOUT_RETURN_TYPE = YES_ERROR;
				GCC_WARN_UNDECLARED_SELECTOR = YES;
				GCC_WARN_UNINITIALIZED_AUTOS = YES_AGGRESSIVE;
				GCC_WARN_UNUSED_FUNCTION = YES;
				GCC_WARN_UNUSED_VARIABLE = YES;
				IPHONEOS_DEPLOYMENT_TARGET = 16.0;
				MTL_ENABLE_DEBUG_INFO = NO;
				MTL_FAST_MATH = YES;
				SDKROOT = iphoneos;
				SWIFT_COMPILATION_MODE = wholemodule;
				SWIFT_OPTIMIZATION_LEVEL = "-O";
				VALIDATE_PRODUCT = YES;
			};
			name = Release;
		};
		0E4F701A2906AA6D007C6594 /* Debug */ = {
			isa = XCBuildConfiguration;
			buildSettings = {
				ASSETCATALOG_COMPILER_APPICON_NAME = AppIcon;
				ASSETCATALOG_COMPILER_GLOBAL_ACCENT_COLOR_NAME = AccentColor;
				CODE_SIGN_STYLE = Automatic;
				CURRENT_PROJECT_VERSION = 1;
				DEVELOPMENT_TEAM = U8U4L6FXAF;
				GENERATE_INFOPLIST_FILE = YES;
				INFOPLIST_FILE = CollectionViewCompositionalPractice/Info.plist;
				INFOPLIST_KEY_UIApplicationSupportsIndirectInputEvents = YES;
				INFOPLIST_KEY_UILaunchStoryboardName = LaunchScreen;
				INFOPLIST_KEY_UIMainStoryboardFile = Main;
				INFOPLIST_KEY_UISupportedInterfaceOrientations = UIInterfaceOrientationPortrait;
				IPHONEOS_DEPLOYMENT_TARGET = 15.0;
				LD_RUNPATH_SEARCH_PATHS = (
					"$(inherited)",
					"@executable_path/Frameworks",
				);
				MARKETING_VERSION = 1.0;
				PRODUCT_BUNDLE_IDENTIFIER = net.mhkang.CollectionViewCompositionalPractice;
				PRODUCT_NAME = "$(TARGET_NAME)";
				SWIFT_EMIT_LOC_STRINGS = YES;
				SWIFT_VERSION = 5.0;
				TARGETED_DEVICE_FAMILY = "1,2";
			};
			name = Debug;
		};
		0E4F701B2906AA6D007C6594 /* Release */ = {
			isa = XCBuildConfiguration;
			buildSettings = {
				ASSETCATALOG_COMPILER_APPICON_NAME = AppIcon;
				ASSETCATALOG_COMPILER_GLOBAL_ACCENT_COLOR_NAME = AccentColor;
				CODE_SIGN_STYLE = Automatic;
				CURRENT_PROJECT_VERSION = 1;
				DEVELOPMENT_TEAM = U8U4L6FXAF;
				GENERATE_INFOPLIST_FILE = YES;
				INFOPLIST_FILE = CollectionViewCompositionalPractice/Info.plist;
				INFOPLIST_KEY_UIApplicationSupportsIndirectInputEvents = YES;
				INFOPLIST_KEY_UILaunchStoryboardName = LaunchScreen;
				INFOPLIST_KEY_UIMainStoryboardFile = Main;
				INFOPLIST_KEY_UISupportedInterfaceOrientations = UIInterfaceOrientationPortrait;
				IPHONEOS_DEPLOYMENT_TARGET = 15.0;
				LD_RUNPATH_SEARCH_PATHS = (
					"$(inherited)",
					"@executable_path/Frameworks",
				);
				MARKETING_VERSION = 1.0;
				PRODUCT_BUNDLE_IDENTIFIER = net.mhkang.CollectionViewCompositionalPractice;
				PRODUCT_NAME = "$(TARGET_NAME)";
				SWIFT_EMIT_LOC_STRINGS = YES;
				SWIFT_VERSION = 5.0;
				TARGETED_DEVICE_FAMILY = "1,2";
			};
			name = Release;
		};
/* End XCBuildConfiguration section */

/* Begin XCConfigurationList section */
		0E4F70002906AA6B007C6594 /* Build configuration list for PBXProject "CollectionViewCompositionalPractice" */ = {
			isa = XCConfigurationList;
			buildConfigurations = (
				0E4F70172906AA6D007C6594 /* Debug */,
				0E4F70182906AA6D007C6594 /* Release */,
			);
			defaultConfigurationIsVisible = 0;
			defaultConfigurationName = Release;
		};
		0E4F70192906AA6D007C6594 /* Build configuration list for PBXNativeTarget "CollectionViewCompositionalPractice" */ = {
			isa = XCConfigurationList;
			buildConfigurations = (
				0E4F701A2906AA6D007C6594 /* Debug */,
				0E4F701B2906AA6D007C6594 /* Release */,
			);
			defaultConfigurationIsVisible = 0;
			defaultConfigurationName = Release;
		};
/* End XCConfigurationList section */

/* Begin XCRemoteSwiftPackageReference section */
		0E4F701C2906ACEB007C6594 /* XCRemoteSwiftPackageReference "Alamofire" */ = {
			isa = XCRemoteSwiftPackageReference;
			repositoryURL = "https://github.com/Alamofire/Alamofire.git";
			requirement = {
				kind = upToNextMajorVersion;
				minimumVersion = 5.0.0;
			};
		};
		0E4F70352906B44A007C6594 /* XCRemoteSwiftPackageReference "SnapKit" */ = {
			isa = XCRemoteSwiftPackageReference;
			repositoryURL = "https://github.com/SnapKit/SnapKit.git";
			requirement = {
				kind = exactVersion;
				version = 5.0.0;
			};
		};
		0E4F7040290702C2007C6594 /* XCRemoteSwiftPackageReference "Kingfisher" */ = {
			isa = XCRemoteSwiftPackageReference;
			repositoryURL = "https://github.com/onevcat/Kingfisher.git";
			requirement = {
				kind = upToNextMajorVersion;
				minimumVersion = 7.4.0;
			};
		};
/* End XCRemoteSwiftPackageReference section */

/* Begin XCSwiftPackageProductDependency section */
		0E4F701D2906ACEB007C6594 /* Alamofire */ = {
			isa = XCSwiftPackageProductDependency;
			package = 0E4F701C2906ACEB007C6594 /* XCRemoteSwiftPackageReference "Alamofire" */;
			productName = Alamofire;
		};
		0E4F70362906B44A007C6594 /* SnapKit */ = {
			isa = XCSwiftPackageProductDependency;
			package = 0E4F70352906B44A007C6594 /* XCRemoteSwiftPackageReference "SnapKit" */;
			productName = SnapKit;
		};
		0E4F7041290702C2007C6594 /* Kingfisher */ = {
			isa = XCSwiftPackageProductDependency;
			package = 0E4F7040290702C2007C6594 /* XCRemoteSwiftPackageReference "Kingfisher" */;
			productName = Kingfisher;
		};
/* End XCSwiftPackageProductDependency section */
	};
	rootObject = 0E4F6FFD2906AA6B007C6594 /* Project object */;
}
